
Microsoft Visual Studio Solution File, Format Version 12.00
# Visual Studio Version 16
VisualStudioVersion = 16.0.30717.126
MinimumVisualStudioVersion = 10.0.40219.1
Project("{9A19103F-16F7-4668-BE54-9A1E7A4F7556}") = "Pokespeare", "Pokespeare\Pokespeare.csproj", "{11EC551F-750A-4965-B711-8721F118EFCD}"
EndProject
Project("{9A19103F-16F7-4668-BE54-9A1E7A4F7556}") = "Pokespeare.Tests", "Pokespeare.Tests\Pokespeare.Tests.csproj", "{4522241F-8496-4DD5-8A86-DFF769C571C1}"
EndProject
Project("{9A19103F-16F7-4668-BE54-9A1E7A4F7556}") = "Pokespeare.Models", "Pokespeare.Models\Pokespeare.Models.csproj", "{DA1A8C64-726B-4FB5-A458-8CD59B75FB30}"
EndProject
Project("{9A19103F-16F7-4668-BE54-9A1E7A4F7556}") = "Pokespeare.Service", "Pokespeare.Service\Pokespeare.Service.csproj", "{73470138-61AC-470C-9D64-99D607CACF34}"
EndProject
Project("{9A19103F-16F7-4668-BE54-9A1E7A4F7556}") = "Pokespeare.Providers.Pokemon", "Pokespeare.Providers.Pokemon\Pokespeare.Providers.Pokemon.csproj", "{F5EE105B-7B3A-4F5B-9AD5-1F6F22DA4C03}"
EndProject
Project("{9A19103F-16F7-4668-BE54-9A1E7A4F7556}") = "Pokespeare.Providers.Interfaces", "Pokespeare.Providers.Interfaces\Pokespeare.Providers.Interfaces.csproj", "{0D713262-E166-4E6F-BCF7-CC5E0DE347C9}"
EndProject
Project("{FAE04EC0-301F-11D3-BF4B-00C04F79EFBC}") = "Pokespeare.Providers.Translation", "Pokespeare.Providers.Translation\Pokespeare.Providers.Translation.csproj", "{BE7FC520-E208-4D90-9067-2BC3D75BF422}"
EndProject
Global
	GlobalSection(SolutionConfigurationPlatforms) = preSolution
		Debug|Any CPU = Debug|Any CPU
		Release|Any CPU = Release|Any CPU
	EndGlobalSection
	GlobalSection(ProjectConfigurationPlatforms) = postSolution
		{11EC551F-750A-4965-B711-8721F118EFCD}.Debug|Any CPU.ActiveCfg = Debug|Any CPU
		{11EC551F-750A-4965-B711-8721F118EFCD}.Debug|Any CPU.Build.0 = Debug|Any CPU
		{11EC551F-750A-4965-B711-8721F118EFCD}.Release|Any CPU.ActiveCfg = Release|Any CPU
		{11EC551F-750A-4965-B711-8721F118EFCD}.Release|Any CPU.Build.0 = Release|Any CPU
		{4522241F-8496-4DD5-8A86-DFF769C571C1}.Debug|Any CPU.ActiveCfg = Debug|Any CPU
		{4522241F-8496-4DD5-8A86-DFF769C571C1}.Debug|Any CPU.Build.0 = Debug|Any CPU
		{4522241F-8496-4DD5-8A86-DFF769C571C1}.Release|Any CPU.ActiveCfg = Release|Any CPU
		{4522241F-8496-4DD5-8A86-DFF769C571C1}.Release|Any CPU.Build.0 = Release|Any CPU
		{DA1A8C64-726B-4FB5-A458-8CD59B75FB30}.Debug|Any CPU.ActiveCfg = Debug|Any CPU
		{DA1A8C64-726B-4FB5-A458-8CD59B75FB30}.Debug|Any CPU.Build.0 = Debug|Any CPU
		{DA1A8C64-726B-4FB5-A458-8CD59B75FB30}.Release|Any CPU.ActiveCfg = Release|Any CPU
		{DA1A8C64-726B-4FB5-A458-8CD59B75FB30}.Release|Any CPU.Build.0 = Release|Any CPU
		{73470138-61AC-470C-9D64-99D607CACF34}.Debug|Any CPU.ActiveCfg = Debug|Any CPU
		{73470138-61AC-470C-9D64-99D607CACF34}.Debug|Any CPU.Build.0 = Debug|Any CPU
		{73470138-61AC-470C-9D64-99D607CACF34}.Release|Any CPU.ActiveCfg = Release|Any CPU
		{73470138-61AC-470C-9D64-99D607CACF34}.Release|Any CPU.Build.0 = Release|Any CPU
		{F5EE105B-7B3A-4F5B-9AD5-1F6F22DA4C03}.Debug|Any CPU.ActiveCfg = Debug|Any CPU
		{F5EE105B-7B3A-4F5B-9AD5-1F6F22DA4C03}.Debug|Any CPU.Build.0 = Debug|Any CPU
		{F5EE105B-7B3A-4F5B-9AD5-1F6F22DA4C03}.Release|Any CPU.ActiveCfg = Release|Any CPU
		{F5EE105B-7B3A-4F5B-9AD5-1F6F22DA4C03}.Release|Any CPU.Build.0 = Release|Any CPU
		{0D713262-E166-4E6F-BCF7-CC5E0DE347C9}.Debug|Any CPU.ActiveCfg = Debug|Any CPU
		{0D713262-E166-4E6F-BCF7-CC5E0DE347C9}.Debug|Any CPU.Build.0 = Debug|Any CPU
		{0D713262-E166-4E6F-BCF7-CC5E0DE347C9}.Release|Any CPU.ActiveCfg = Release|Any CPU
		{0D713262-E166-4E6F-BCF7-CC5E0DE347C9}.Release|Any CPU.Build.0 = Release|Any CPU
		{BE7FC520-E208-4D90-9067-2BC3D75BF422}.Debug|Any CPU.ActiveCfg = Debug|Any CPU
		{BE7FC520-E208-4D90-9067-2BC3D75BF422}.Debug|Any CPU.Build.0 = Debug|Any CPU
		{BE7FC520-E208-4D90-9067-2BC3D75BF422}.Release|Any CPU.ActiveCfg = Release|Any CPU
		{BE7FC520-E208-4D90-9067-2BC3D75BF422}.Release|Any CPU.Build.0 = Release|Any CPU
	EndGlobalSection
	GlobalSection(SolutionProperties) = preSolution
		HideSolutionNode = FALSE
	EndGlobalSection
	GlobalSection(ExtensibilityGlobals) = postSolution
		SolutionGuid = {01944382-2B14-4736-885D-1052A0EAFD8C}
	EndGlobalSection
EndGlobal
